
Microsoft Visual Studio Solution File, Format Version 12.00
# Visual Studio Version 17
VisualStudioVersion = 17.14.36518.9 d17.14
MinimumVisualStudioVersion = 10.0.40219.1
Project("{888888A0-9F3D-457C-B088-3A5042F75D52}") = "PythonApplication2 mb", "PythonApplication2 mb\PythonApplication2 mb.pyproj", "{01B76C91-0AD1-4993-B7A2-A258FCE54C71}"
EndProject
Global
	GlobalSection(SolutionConfigurationPlatforms) = preSolution
		Debug|Any CPU = Debug|Any CPU
		Release|Any CPU = Release|Any CPU
	EndGlobalSection
	GlobalSection(ProjectConfigurationPlatforms) = postSolution
		{01B76C91-0AD1-4993-B7A2-A258FCE54C71}.Debug|Any CPU.ActiveCfg = Debug|Any CPU
		{01B76C91-0AD1-4993-B7A2-A258FCE54C71}.Release|Any CPU.ActiveCfg = Release|Any CPU
	EndGlobalSection
	GlobalSection(SolutionProperties) = preSolution
		HideSolutionNode = FALSE
	EndGlobalSection
	GlobalSection(ExtensibilityGlobals) = postSolution
		SolutionGuid = {C16FB1FA-975B-4D68-BDCF-B0E6938545C7}
	EndGlobalSection
EndGlobal
